
Microsoft Visual Studio Solution File, Format Version 12.00
# Visual Studio Version 16
VisualStudioVersion = 16.0.30611.23
MinimumVisualStudioVersion = 10.0.40219.1
Project("{FAE04EC0-301F-11D3-BF4B-00C04F79EFBC}") = "EntityFramework.CodeFirst.LegacyDb", "EntityFramework.CodeFirst.LegacyDb.csproj", "{0E97FDE9-3475-45EB-8CC5-BD9E0CB9926E}"
EndProject
Global
	GlobalSection(SolutionConfigurationPlatforms) = preSolution
		Debug|Any CPU = Debug|Any CPU
		Release|Any CPU = Release|Any CPU
	EndGlobalSection
	GlobalSection(ProjectConfigurationPlatforms) = postSolution
		{0E97FDE9-3475-45EB-8CC5-BD9E0CB9926E}.Debug|Any CPU.ActiveCfg = Debug|Any CPU
		{0E97FDE9-3475-45EB-8CC5-BD9E0CB9926E}.Debug|Any CPU.Build.0 = Debug|Any CPU
		{0E97FDE9-3475-45EB-8CC5-BD9E0CB9926E}.Release|Any CPU.ActiveCfg = Release|Any CPU
		{0E97FDE9-3475-45EB-8CC5-BD9E0CB9926E}.Release|Any CPU.Build.0 = Release|Any CPU
	EndGlobalSection
	GlobalSection(SolutionProperties) = preSolution
		HideSolutionNode = FALSE
	EndGlobalSection
	GlobalSection(ExtensibilityGlobals) = postSolution
		SolutionGuid = {253EAB26-FCAC-4643-894F-5607700CDCA1}
	EndGlobalSection
EndGlobal
